// !$*UTF8*$!
{
	archiveVersion = 1;
	classes = {
	};
	objectVersion = 46;
	objects = {

/* Begin PBXBuildFile section */
		899CDE9B1C4893C400EF7584 /* main.m in Sources */ = {isa = PBXBuildFile; fileRef = 899CDE9A1C4893C400EF7584 /* main.m */; };
		899CDE9E1C4893C400EF7584 /* AppDelegate.m in Sources */ = {isa = PBXBuildFile; fileRef = 899CDE9D1C4893C400EF7584 /* AppDelegate.m */; };
		899CDEA11C4893C400EF7584 /* ViewController.m in Sources */ = {isa = PBXBuildFile; fileRef = 899CDEA01C4893C400EF7584 /* ViewController.m */; };
		899CDEA41C4893C400EF7584 /* Main.storyboard in Resources */ = {isa = PBXBuildFile; fileRef = 899CDEA21C4893C400EF7584 /* Main.storyboard */; };
		899CDEA61C4893C400EF7584 /* Assets.xcassets in Resources */ = {isa = PBXBuildFile; fileRef = 899CDEA51C4893C400EF7584 /* Assets.xcassets */; };
		899CDEA91C4893C400EF7584 /* LaunchScreen.storyboard in Resources */ = {isa = PBXBuildFile; fileRef = 899CDEA71C4893C400EF7584 /* LaunchScreen.storyboard */; };
		899CDEB71C4893EE00EF7584 /* LCActionSheet.m in Sources */ = {isa = PBXBuildFile; fileRef = 899CDEB51C4893EE00EF7584 /* LCActionSheet.m */; };
		899CDF291C48A0E500EF7584 /* CoreActionSheet.m in Sources */ = {isa = PBXBuildFile; fileRef = 899CDF281C48A0E500EF7584 /* CoreActionSheet.m */; };
/* End PBXBuildFile section */

/* Begin PBXFileReference section */
		899CDE961C4893C400EF7584 /* CoreActionSheet.app */ = {isa = PBXFileReference; explicitFileType = wrapper.application; includeInIndex = 0; path = CoreActionSheet.app; sourceTree = BUILT_PRODUCTS_DIR; };
		899CDE9A1C4893C400EF7584 /* main.m */ = {isa = PBXFileReference; lastKnownFileType = sourcecode.c.objc; path = main.m; sourceTree = "<group>"; };
		899CDE9C1C4893C400EF7584 /* AppDelegate.h */ = {isa = PBXFileReference; lastKnownFileType = sourcecode.c.h; path = AppDelegate.h; sourceTree = "<group>"; };
		899CDE9D1C4893C400EF7584 /* AppDelegate.m */ = {isa = PBXFileReference; lastKnownFileType = sourcecode.c.objc; path = AppDelegate.m; sourceTree = "<group>"; };
		899CDE9F1C4893C400EF7584 /* ViewController.h */ = {isa = PBXFileReference; lastKnownFileType = sourcecode.c.h; path = ViewController.h; sourceTree = "<group>"; };
		899CDEA01C4893C400EF7584 /* ViewController.m */ = {isa = PBXFileReference; lastKnownFileType = sourcecode.c.objc; path = ViewController.m; sourceTree = "<group>"; };
		899CDEA31C4893C400EF7584 /* Base */ = {isa = PBXFileReference; lastKnownFileType = file.storyboard; name = Base; path = Base.lproj/Main.storyboard; sourceTree = "<group>"; };
		899CDEA51C4893C400EF7584 /* Assets.xcassets */ = {isa = PBXFileReference; lastKnownFileType = folder.assetcatalog; path = Assets.xcassets; sourceTree = "<group>"; };
		899CDEA81C4893C400EF7584 /* Base */ = {isa = PBXFileReference; lastKnownFileType = file.storyboard; name = Base; path = Base.lproj/LaunchScreen.storyboard; sourceTree = "<group>"; };
		899CDEAA1C4893C400EF7584 /* Info.plist */ = {isa = PBXFileReference; lastKnownFileType = text.plist.xml; path = Info.plist; sourceTree = "<group>"; };
		899CDEB41C4893EE00EF7584 /* LCActionSheet.h */ = {isa = PBXFileReference; fileEncoding = 4; lastKnownFileType = sourcecode.c.h; path = LCActionSheet.h; sourceTree = "<group>"; };
		899CDEB51C4893EE00EF7584 /* LCActionSheet.m */ = {isa = PBXFileReference; fileEncoding = 4; lastKnownFileType = sourcecode.c.objc; path = LCActionSheet.m; sourceTree = "<group>"; };
		899CDF271C48A0E500EF7584 /* CoreActionSheet.h */ = {isa = PBXFileReference; fileEncoding = 4; lastKnownFileType = sourcecode.c.h; path = CoreActionSheet.h; sourceTree = "<group>"; };
		899CDF281C48A0E500EF7584 /* CoreActionSheet.m */ = {isa = PBXFileReference; fileEncoding = 4; lastKnownFileType = sourcecode.c.objc; path = CoreActionSheet.m; sourceTree = "<group>"; };
/* End PBXFileReference section */

/* Begin PBXFrameworksBuildPhase section */
		899CDE931C4893C400EF7584 /* Frameworks */ = {
			isa = PBXFrameworksBuildPhase;
			buildActionMask = 2147483647;
			files = (
			);
			runOnlyForDeploymentPostprocessing = 0;
		};
/* End PBXFrameworksBuildPhase section */

/* Begin PBXGroup section */
		899CDE8D1C4893C400EF7584 = {
			isa = PBXGroup;
			children = (
				899CDE981C4893C400EF7584 /* CoreActionSheet */,
				899CDE971C4893C400EF7584 /* Products */,
			);
			sourceTree = "<group>";
		};
		899CDE971C4893C400EF7584 /* Products */ = {
			isa = PBXGroup;
			children = (
				899CDE961C4893C400EF7584 /* CoreActionSheet.app */,
			);
			name = Products;
			sourceTree = "<group>";
		};
		899CDE981C4893C400EF7584 /* CoreActionSheet */ = {
			isa = PBXGroup;
			children = (
				899CDEB01C4893E200EF7584 /* CoreActionSheet */,
				899CDE9C1C4893C400EF7584 /* AppDelegate.h */,
				899CDE9D1C4893C400EF7584 /* AppDelegate.m */,
				899CDE9F1C4893C400EF7584 /* ViewController.h */,
				899CDEA01C4893C400EF7584 /* ViewController.m */,
				899CDEA21C4893C400EF7584 /* Main.storyboard */,
				899CDEA51C4893C400EF7584 /* Assets.xcassets */,
				899CDEA71C4893C400EF7584 /* LaunchScreen.storyboard */,
				899CDEAA1C4893C400EF7584 /* Info.plist */,
				899CDE991C4893C400EF7584 /* Supporting Files */,
			);
			path = CoreActionSheet;
			sourceTree = "<group>";
		};
		899CDE991C4893C400EF7584 /* Supporting Files */ = {
			isa = PBXGroup;
			children = (
				899CDE9A1C4893C400EF7584 /* main.m */,
			);
			name = "Supporting Files";
			sourceTree = "<group>";
		};
		899CDEB01C4893E200EF7584 /* CoreActionSheet */ = {
			isa = PBXGroup;
			children = (
				899CDF271C48A0E500EF7584 /* CoreActionSheet.h */,
				899CDF281C48A0E500EF7584 /* CoreActionSheet.m */,
				899CDEB11C4893E200EF7584 /* Lib */,
			);
			path = CoreActionSheet;
			sourceTree = "<group>";
		};
		899CDEB11C4893E200EF7584 /* Lib */ = {
			isa = PBXGroup;
			children = (
				899CDEB21C4893EE00EF7584 /* LCActionSheet */,
			);
			path = Lib;
			sourceTree = "<group>";
		};
		899CDEB21C4893EE00EF7584 /* LCActionSheet */ = {
			isa = PBXGroup;
			children = (
				899CDEB41C4893EE00EF7584 /* LCActionSheet.h */,
				899CDEB51C4893EE00EF7584 /* LCActionSheet.m */,
			);
			path = LCActionSheet;
			sourceTree = "<group>";
		};
/* End PBXGroup section */

/* Begin PBXNativeTarget section */
		899CDE951C4893C400EF7584 /* CoreActionSheet */ = {
			isa = PBXNativeTarget;
			buildConfigurationList = 899CDEAD1C4893C400EF7584 /* Build configuration list for PBXNativeTarget "CoreActionSheet" */;
			buildPhases = (
				899CDE921C4893C400EF7584 /* Sources */,
				899CDE931C4893C400EF7584 /* Frameworks */,
				899CDE941C4893C400EF7584 /* Resources */,
			);
			buildRules = (
			);
			dependencies = (
			);
			name = CoreActionSheet;
			productName = CoreActionSheet;
			productReference = 899CDE961C4893C400EF7584 /* CoreActionSheet.app */;
			productType = "com.apple.product-type.application";
		};
/* End PBXNativeTarget section */

/* Begin PBXProject section */
		899CDE8E1C4893C400EF7584 /* Project object */ = {
			isa = PBXProject;
			attributes = {
				LastUpgradeCheck = 0720;
				ORGANIZATIONNAME = "冯成林";
				TargetAttributes = {
					899CDE951C4893C400EF7584 = {
						CreatedOnToolsVersion = 7.2;
					};
				};
			};
			buildConfigurationList = 899CDE911C4893C400EF7584 /* Build configuration list for PBXProject "CoreActionSheet" */;
			compatibilityVersion = "Xcode 3.2";
			developmentRegion = English;
			hasScannedForEncodings = 0;
			knownRegions = (
				en,
				Base,
			);
			mainGroup = 899CDE8D1C4893C400EF7584;
			productRefGroup = 899CDE971C4893C400EF7584 /* Products */;
			projectDirPath = "";
			projectRoot = "";
			targets = (
				899CDE951C4893C400EF7584 /* CoreActionSheet */,
			);
		};
/* End PBXProject section */

/* Begin PBXResourcesBuildPhase section */
		899CDE941C4893C400EF7584 /* Resources */ = {
			isa = PBXResourcesBuildPhase;
			buildActionMask = 2147483647;
			files = (
				899CDEA91C4893C400EF7584 /* LaunchScreen.storyboard in Resources */,
				899CDEA61C4893C400EF7584 /* Assets.xcassets in Resources */,
				899CDEA41C4893C400EF7584 /* Main.storyboard in Resources */,
			);
			runOnlyForDeploymentPostprocessing = 0;
		};
/* End PBXResourcesBuildPhase section */

/* Begin PBXSourcesBuildPhase section */
		899CDE921C4893C400EF7584 /* Sources */ = {
			isa = PBXSourcesBuildPhase;
			buildActionMask = 2147483647;
			files = (
				899CDEB71C4893EE00EF7584 /* LCActionSheet.m in Sources */,
				899CDEA11C4893C400EF7584 /* ViewController.m in Sources */,
				899CDE9E1C4893C400EF7584 /* AppDelegate.m in Sources */,
				899CDE9B1C4893C400EF7584 /* main.m in Sources */,
				899CDF291C48A0E500EF7584 /* CoreActionSheet.m in Sources */,
			);
			runOnlyForDeploymentPostprocessing = 0;
		};
/* End PBXSourcesBuildPhase section */

/* Begin PBXVariantGroup section */
		899CDEA21C4893C400EF7584 /* Main.storyboard */ = {
			isa = PBXVariantGroup;
			children = (
				899CDEA31C4893C400EF7584 /* Base */,
			);
			name = Main.storyboard;
			sourceTree = "<group>";
		};
		899CDEA71C4893C400EF7584 /* LaunchScreen.storyboard */ = {
			isa = PBXVariantGroup;
			children = (
				899CDEA81C4893C400EF7584 /* Base */,
			);
			name = LaunchScreen.storyboard;
			sourceTree = "<group>";
		};
/* End PBXVariantGroup section */

/* Begin XCBuildConfiguration section */
		899CDEAB1C4893C400EF7584 /* Debug */ = {
			isa = XCBuildConfiguration;
			buildSettings = {
				ALWAYS_SEARCH_USER_PATHS = NO;
				CLANG_CXX_LANGUAGE_STANDARD = "gnu++0x";
				CLANG_CXX_LIBRARY = "libc++";
				CLANG_ENABLE_MODULES = YES;
				CLANG_ENABLE_OBJC_ARC = YES;
				CLANG_WARN_BOOL_CONVERSION = YES;
				CLANG_WARN_CONSTANT_CONVERSION = YES;
				CLANG_WARN_DIRECT_OBJC_ISA_USAGE = YES_ERROR;
				CLANG_WARN_EMPTY_BODY = YES;
				CLANG_WARN_ENUM_CONVERSION = YES;
				CLANG_WARN_INT_CONVERSION = YES;
				CLANG_WARN_OBJC_ROOT_CLASS = YES_ERROR;
				CLANG_WARN_UNREACHABLE_CODE = YES;
				CLANG_WARN__DUPLICATE_METHOD_MATCH = YES;
				"CODE_SIGN_IDENTITY[sdk=iphoneos*]" = "iPhone Developer";
				COPY_PHASE_STRIP = NO;
				DEBUG_INFORMATION_FORMAT = dwarf;
				ENABLE_STRICT_OBJC_MSGSEND = YES;
				ENABLE_TESTABILITY = YES;
				GCC_C_LANGUAGE_STANDARD = gnu99;
				GCC_DYNAMIC_NO_PIC = NO;
				GCC_NO_COMMON_BLOCKS = YES;
				GCC_OPTIMIZATION_LEVEL = 0;
				GCC_PREPROCESSOR_DEFINITIONS = (
					"DEBUG=1",
					"$(inherited)",
				);
				GCC_WARN_64_TO_32_BIT_CONVERSION = YES;
				GCC_WARN_ABOUT_RETURN_TYPE = YES_ERROR;
				GCC_WARN_UNDECLARED_SELECTOR = YES;
				GCC_WARN_UNINITIALIZED_AUTOS = YES_AGGRESSIVE;
				GCC_WARN_UNUSED_FUNCTION = YES;
				GCC_WARN_UNUSED_VARIABLE = YES;
				IPHONEOS_DEPLOYMENT_TARGET = 9.2;
				MTL_ENABLE_DEBUG_INFO = YES;
				ONLY_ACTIVE_ARCH = YES;
				SDKROOT = iphoneos;
			};
			name = Debug;
		};
		899CDEAC1C4893C400EF7584 /* Release */ = {
			isa = XCBuildConfiguration;
			buildSettings = {
				ALWAYS_SEARCH_USER_PATHS = NO;
				CLANG_CXX_LANGUAGE_STANDARD = "gnu++0x";
				CLANG_CXX_LIBRARY = "libc++";
				CLANG_ENABLE_MODULES = YES;
				CLANG_ENABLE_OBJC_ARC = YES;
				CLANG_WARN_BOOL_CONVERSION = YES;
				CLANG_WARN_CONSTANT_CONVERSION = YES;
				CLANG_WARN_DIRECT_OBJC_ISA_USAGE = YES_ERROR;
				CLANG_WARN_EMPTY_BODY = YES;
				CLANG_WARN_ENUM_CONVERSION = YES;
				CLANG_WARN_INT_CONVERSION = YES;
				CLANG_WARN_OBJC_ROOT_CLASS = YES_ERROR;
				CLANG_WARN_UNREACHABLE_CODE = YES;
				CLANG_WARN__DUPLICATE_METHOD_MATCH = YES;
				"CODE_SIGN_IDENTITY[sdk=iphoneos*]" = "iPhone Developer";
				COPY_PHASE_STRIP = NO;
				DEBUG_INFORMATION_FORMAT = "dwarf-with-dsym";
				ENABLE_NS_ASSERTIONS = NO;
				ENABLE_STRICT_OBJC_MSGSEND = YES;
				GCC_C_LANGUAGE_STANDARD = gnu99;
				GCC_NO_COMMON_BLOCKS = YES;
				GCC_WARN_64_TO_32_BIT_CONVERSION = YES;
				GCC_WARN_ABOUT_RETURN_TYPE = YES_ERROR;
				GCC_WARN_UNDECLARED_SELECTOR = YES;
				GCC_WARN_UNINITIALIZED_AUTOS = YES_AGGRESSIVE;
				GCC_WARN_UNUSED_FUNCTION = YES;
				GCC_WARN_UNUSED_VARIABLE = YES;
				IPHONEOS_DEPLOYMENT_TARGET = 9.2;
				MTL_ENABLE_DEBUG_INFO = NO;
				SDKROOT = iphoneos;
				VALIDATE_PRODUCT = YES;
			};
			name = Release;
		};
		899CDEAE1C4893C400EF7584 /* Debug */ = {
			isa = XCBuildConfiguration;
			buildSettings = {
				ASSETCATALOG_COMPILER_APPICON_NAME = AppIcon;
				INFOPLIST_FILE = CoreActionSheet/Info.plist;
				IPHONEOS_DEPLOYMENT_TARGET = 7.0;
				LD_RUNPATH_SEARCH_PATHS = "$(inherited) @executable_path/Frameworks";
				PRODUCT_BUNDLE_IDENTIFIER = com.ShiDian.CoreActionSheet;
				PRODUCT_NAME = "$(TARGET_NAME)";
			};
			name = Debug;
		};
		899CDEAF1C4893C400EF7584 /* Release */ = {
			isa = XCBuildConfiguration;
			buildSettings = {
				ASSETCATALOG_COMPILER_APPICON_NAME = AppIcon;
				INFOPLIST_FILE = CoreActionSheet/Info.plist;
				IPHONEOS_DEPLOYMENT_TARGET = 7.0;
				LD_RUNPATH_SEARCH_PATHS = "$(inherited) @executable_path/Frameworks";
				PRODUCT_BUNDLE_IDENTIFIER = com.ShiDian.CoreActionSheet;
				PRODUCT_NAME = "$(TARGET_NAME)";
			};
			name = Release;
		};
/* End XCBuildConfiguration section */

/* Begin XCConfigurationList section */
		899CDE911C4893C400EF7584 /* Build configuration list for PBXProject "CoreActionSheet" */ = {
			isa = XCConfigurationList;
			buildConfigurations = (
				899CDEAB1C4893C400EF7584 /* Debug */,
				899CDEAC1C4893C400EF7584 /* Release */,
			);
			defaultConfigurationIsVisible = 0;
			defaultConfigurationName = Release;
		};
		899CDEAD1C4893C400EF7584 /* Build configuration list for PBXNativeTarget "CoreActionSheet" */ = {
			isa = XCConfigurationList;
			buildConfigurations = (
				899CDEAE1C4893C400EF7584 /* Debug */,
				899CDEAF1C4893C400EF7584 /* Release */,
			);
			defaultConfigurationIsVisible = 0;
			defaultConfigurationName = Release;
		};
/* End XCConfigurationList section */
	};
	rootObject = 899CDE8E1C4893C400EF7584 /* Project object */;
}
